{
  "name": "setup-engineering-harness",
  "version": "0.2.0",
  "lockfileVersion": 3,
  "requires": true,
  "packages": {
    "": {
      "name": "setup-engineering-harness",
      "version": "0.2.0",
      "license": "Apache-2.0",
      "bin": {
        "setup-engineering-harness": "bin/setup-engineering-harness.mjs"
      },
      "engines": {
        "node": ">=20"
      }
    }
  }
}
