{
  "name": "streaming-chat-fixture",
  "version": "1.0.0",
  "lockfileVersion": 3,
  "requires": true,
  "packages": {
    "": {
      "name": "streaming-chat-fixture",
      "version": "1.0.0",
      "dependencies": {
        "stream-markdown": "2.4.1"
      }
    },
    "node_modules/stream-markdown": {
      "version": "2.4.1"
    }
  }
}
